# This file is generated by running "yarn install" inside your project.
# Manual changes might be lost - proceed with caution!

__metadata:
  version: 8
  cacheKey: 10c0

"@cspotcode/source-map-support@npm:^0.8.0":
  version: 0.8.1
  resolution: "@cspotcode/source-map-support@npm:0.8.1"
  dependencies:
    "@jridgewell/trace-mapping": "npm:0.3.9"
  checksum: 10c0/05c5368c13b662ee4c122c7bfbe5dc0b613416672a829f3e78bc49a357a197e0218d6e74e7c66cfcd04e15a179acab080bd3c69658c9fbefd0e1ccd950a07fc6
  languageName: node
  linkType: hard

"@fast-csv/format@npm:5.0.0":
  version: 5.0.0
  resolution: "@fast-csv/format@npm:5.0.0"
  dependencies:
    lodash.escaperegexp: "npm:^4.1.2"
    lodash.isboolean: "npm:^3.0.3"
    lodash.isequal: "npm:^4.5.0"
    lodash.isfunction: "npm:^3.0.9"
    lodash.isnil: "npm:^4.0.0"
  checksum: 10c0/a7ac57c0d27c2a3d3ae6246efeb0dcee4a30e655c4791114f714b0d1d81094d489a87b9795be9e6ff408046c8b787e8cd852ee11d17b10ff7fc9c208a4e6d4b5
  languageName: node
  linkType: hard

"@fast-csv/parse@npm:5.0.0":
  version: 5.0.0
  resolution: "@fast-csv/parse@npm:5.0.0"
  dependencies:
    lodash.escaperegexp: "npm:^4.1.2"
    lodash.groupby: "npm:^4.6.0"
    lodash.isfunction: "npm:^3.0.9"
    lodash.isnil: "npm:^4.0.0"
    lodash.isundefined: "npm:^3.0.1"
    lodash.uniq: "npm:^4.5.0"
  checksum: 10c0/883ed2355550e8663b5e4cef186e7968269bda23a70e83652781e9d90a47ac7a0f5fcefc1568f1701d0d5235c0fc376f76b3b563013ad66385d18137741435fa
  languageName: node
  linkType: hard

"@jridgewell/resolve-uri@npm:^3.0.3":
  version: 3.1.1
  resolution: "@jridgewell/resolve-uri@npm:3.1.1"
  checksum: 10c0/0dbc9e29bc640bbbdc5b9876d2859c69042bfcf1423c1e6421bcca53e826660bff4e41c7d4bcb8dbea696404231a6f902f76ba41835d049e20f2dd6cffb713bf
  languageName: node
  linkType: hard

"@jridgewell/sourcemap-codec@npm:^1.4.10":
  version: 1.4.15
  resolution: "@jridgewell/sourcemap-codec@npm:1.4.15"
  checksum: 10c0/0c6b5ae663087558039052a626d2d7ed5208da36cfd707dcc5cea4a07cfc918248403dcb5989a8f7afaf245ce0573b7cc6fd94c4a30453bd10e44d9363940ba5
  languageName: node
  linkType: hard

"@jridgewell/trace-mapping@npm:0.3.9":
  version: 0.3.9
  resolution: "@jridgewell/trace-mapping@npm:0.3.9"
  dependencies:
    "@jridgewell/resolve-uri": "npm:^3.0.3"
    "@jridgewell/sourcemap-codec": "npm:^1.4.10"
  checksum: 10c0/fa425b606d7c7ee5bfa6a31a7b050dd5814b4082f318e0e4190f991902181b4330f43f4805db1dd4f2433fd0ed9cc7a7b9c2683f1deeab1df1b0a98b1e24055b
  languageName: node
  linkType: hard

"@swc-node/core@npm:^1.13.1":
  version: 1.13.1
  resolution: "@swc-node/core@npm:1.13.1"
  peerDependencies:
    "@swc/core": ">= 1.4.13"
    "@swc/types": ">= 0.1"
  checksum: 10c0/03223813c1b736ded4e3a6fe73e87d19e9578215e7f7b0c96308ac0e06c7de355334f210074256cfc8b52446461716df695aaf0f863ec621679cf4c48010a695
  languageName: node
  linkType: hard

"@swc-node/register@npm:1.9.2":
  version: 1.9.2
  resolution: "@swc-node/register@npm:1.9.2"
  dependencies:
    "@swc-node/core": "npm:^1.13.1"
    "@swc-node/sourcemap-support": "npm:^0.5.0"
    colorette: "npm:^2.0.20"
    debug: "npm:^4.3.4"
    pirates: "npm:^4.0.6"
    tslib: "npm:^2.6.2"
  peerDependencies:
    "@swc/core": ">= 1.4.13"
    typescript: ">= 4.3"
  checksum: 10c0/9169461866b5081074e4ca96256776d0dc586e979ec0f589115daba6959628cdad7233ad7a66816c0fc412dad1c0b83a32fc271f8e46dd19a82f9e4843198a2f
  languageName: node
  linkType: hard

"@swc-node/sourcemap-support@npm:^0.5.0":
  version: 0.5.0
  resolution: "@swc-node/sourcemap-support@npm:0.5.0"
  dependencies:
    source-map-support: "npm:^0.5.21"
    tslib: "npm:^2.6.2"
  checksum: 10c0/ce079d56d23aca8110fe5aa4826b394aa613b44fc442198a5403bf146d8963f38ed7cb4fa9594095c4c78fe06e5a0781dc51b5343d687658c4426e7fbfce749b
  languageName: node
  linkType: hard

"@swc/core-darwin-arm64@npm:1.6.5":
  version: 1.6.5
  resolution: "@swc/core-darwin-arm64@npm:1.6.5"
  conditions: os=darwin & cpu=arm64
  languageName: node
  linkType: hard

"@swc/core-darwin-x64@npm:1.6.5":
  version: 1.6.5
  resolution: "@swc/core-darwin-x64@npm:1.6.5"
  conditions: os=darwin & cpu=x64
  languageName: node
  linkType: hard

"@swc/core-linux-arm-gnueabihf@npm:1.6.5":
  version: 1.6.5
  resolution: "@swc/core-linux-arm-gnueabihf@npm:1.6.5"
  conditions: os=linux & cpu=arm
  languageName: node
  linkType: hard

"@swc/core-linux-arm64-gnu@npm:1.6.5":
  version: 1.6.5
  resolution: "@swc/core-linux-arm64-gnu@npm:1.6.5"
  conditions: os=linux & cpu=arm64 & libc=glibc
  languageName: node
  linkType: hard

"@swc/core-linux-arm64-musl@npm:1.6.5":
  version: 1.6.5
  resolution: "@swc/core-linux-arm64-musl@npm:1.6.5"
  conditions: os=linux & cpu=arm64 & libc=musl
  languageName: node
  linkType: hard

"@swc/core-linux-x64-gnu@npm:1.6.5":
  version: 1.6.5
  resolution: "@swc/core-linux-x64-gnu@npm:1.6.5"
  conditions: os=linux & cpu=x64 & libc=glibc
  languageName: node
  linkType: hard

"@swc/core-linux-x64-musl@npm:1.6.5":
  version: 1.6.5
  resolution: "@swc/core-linux-x64-musl@npm:1.6.5"
  conditions: os=linux & cpu=x64 & libc=musl
  languageName: node
  linkType: hard

"@swc/core-win32-arm64-msvc@npm:1.6.5":
  version: 1.6.5
  resolution: "@swc/core-win32-arm64-msvc@npm:1.6.5"
  conditions: os=win32 & cpu=arm64
  languageName: node
  linkType: hard

"@swc/core-win32-ia32-msvc@npm:1.6.5":
  version: 1.6.5
  resolution: "@swc/core-win32-ia32-msvc@npm:1.6.5"
  conditions: os=win32 & cpu=ia32
  languageName: node
  linkType: hard

"@swc/core-win32-x64-msvc@npm:1.6.5":
  version: 1.6.5
  resolution: "@swc/core-win32-x64-msvc@npm:1.6.5"
  conditions: os=win32 & cpu=x64
  languageName: node
  linkType: hard

"@swc/core@npm:1.6.5":
  version: 1.6.5
  resolution: "@swc/core@npm:1.6.5"
  dependencies:
    "@swc/core-darwin-arm64": "npm:1.6.5"
    "@swc/core-darwin-x64": "npm:1.6.5"
    "@swc/core-linux-arm-gnueabihf": "npm:1.6.5"
    "@swc/core-linux-arm64-gnu": "npm:1.6.5"
    "@swc/core-linux-arm64-musl": "npm:1.6.5"
    "@swc/core-linux-x64-gnu": "npm:1.6.5"
    "@swc/core-linux-x64-musl": "npm:1.6.5"
    "@swc/core-win32-arm64-msvc": "npm:1.6.5"
    "@swc/core-win32-ia32-msvc": "npm:1.6.5"
    "@swc/core-win32-x64-msvc": "npm:1.6.5"
    "@swc/counter": "npm:^0.1.3"
    "@swc/types": "npm:^0.1.9"
  peerDependencies:
    "@swc/helpers": "*"
  dependenciesMeta:
    "@swc/core-darwin-arm64":
      optional: true
    "@swc/core-darwin-x64":
      optional: true
    "@swc/core-linux-arm-gnueabihf":
      optional: true
    "@swc/core-linux-arm64-gnu":
      optional: true
    "@swc/core-linux-arm64-musl":
      optional: true
    "@swc/core-linux-x64-gnu":
      optional: true
    "@swc/core-linux-x64-musl":
      optional: true
    "@swc/core-win32-arm64-msvc":
      optional: true
    "@swc/core-win32-ia32-msvc":
      optional: true
    "@swc/core-win32-x64-msvc":
      optional: true
  peerDependenciesMeta:
    "@swc/helpers":
      optional: true
  checksum: 10c0/4fba746667d71641ea8db256561cb47e996f03c091ad62aff6856487f14dffa333eee086d514564ee7c79f657ffc6360a37b06ea136dad08a2aaa8d538681197
  languageName: node
  linkType: hard

"@swc/counter@npm:^0.1.3":
  version: 0.1.3
  resolution: "@swc/counter@npm:0.1.3"
  checksum: 10c0/8424f60f6bf8694cfd2a9bca45845bce29f26105cda8cf19cdb9fd3e78dc6338699e4db77a89ae449260bafa1cc6bec307e81e7fb96dbf7dcfce0eea55151356
  languageName: node
  linkType: hard

"@swc/helpers@npm:0.5.11":
  version: 0.5.11
  resolution: "@swc/helpers@npm:0.5.11"
  dependencies:
    tslib: "npm:^2.4.0"
  checksum: 10c0/7d1987ee6b887277d373a9be8c445cd2259c3258c08b16908c06864121fd8eac8bb89b179c91b6c5395f38194a903b5772575947c7eb3ca23285152cb0f66caa
  languageName: node
  linkType: hard

"@swc/types@npm:^0.1.9":
  version: 0.1.9
  resolution: "@swc/types@npm:0.1.9"
  dependencies:
    "@swc/counter": "npm:^0.1.3"
  checksum: 10c0/e47db2a06189f100696837ac3d56feaf67e8e68541b236c2de497e066689230f5cbb538fc0ca77c04739ae7653c20a2d79c7ab57ecf7506e2d008cb5e523f724
  languageName: node
  linkType: hard

"@tsconfig/node10@npm:^1.0.7":
  version: 1.0.9
  resolution: "@tsconfig/node10@npm:1.0.9"
  checksum: 10c0/c176a2c1e1b16be120c328300ea910df15fb9a5277010116d26818272341a11483c5a80059389d04edacf6fd2d03d4687ad3660870fdd1cc0b7109e160adb220
  languageName: node
  linkType: hard

"@tsconfig/node12@npm:^1.0.7":
  version: 1.0.11
  resolution: "@tsconfig/node12@npm:1.0.11"
  checksum: 10c0/dddca2b553e2bee1308a056705103fc8304e42bb2d2cbd797b84403a223b25c78f2c683ec3e24a095e82cd435387c877239bffcb15a590ba817cd3f6b9a99fd9
  languageName: node
  linkType: hard

"@tsconfig/node14@npm:^1.0.0":
  version: 1.0.3
  resolution: "@tsconfig/node14@npm:1.0.3"
  checksum: 10c0/67c1316d065fdaa32525bc9449ff82c197c4c19092b9663b23213c8cbbf8d88b6ed6a17898e0cbc2711950fbfaf40388938c1c748a2ee89f7234fc9e7fe2bf44
  languageName: node
  linkType: hard

"@tsconfig/node16@npm:^1.0.2":
  version: 1.0.3
  resolution: "@tsconfig/node16@npm:1.0.3"
  checksum: 10c0/451a0d4b2bc35c2cdb30a49b6c699d797b8bbac99b883237659698678076d4193050d90e2ee36016ccbca57075cdb073cadab38cedc45119bac68ab331958cbc
  languageName: node
  linkType: hard

"@tsconfig/node20@npm:20.1.4":
  version: 20.1.4
  resolution: "@tsconfig/node20@npm:20.1.4"
  checksum: 10c0/239cd6abaceaaffc758e7a9dd3748ec1acfdabd6de28a9a16a3824c21f17ad69a16184870298460345d2fb6f3663d092c21d5b764bef669a179658b4a7eac739
  languageName: node
  linkType: hard

"@turf/distance@npm:7.1.0":
  version: 7.1.0
  resolution: "@turf/distance@npm:7.1.0"
  dependencies:
    "@turf/helpers": "npm:^7.1.0"
    "@turf/invariant": "npm:^7.1.0"
    "@types/geojson": "npm:^7946.0.10"
    tslib: "npm:^2.6.2"
  checksum: 10c0/3eb2ad0eb8a3a754e732fc6cb85aaef7df35d13edc063248bb9313ae267c7d53bc0eef3a5ce536cf7283bf76c49523289889ae1651824e1030ea532dd49310ca
  languageName: node
  linkType: hard

"@turf/helpers@npm:7.1.0, @turf/helpers@npm:^7.1.0":
  version: 7.1.0
  resolution: "@turf/helpers@npm:7.1.0"
  dependencies:
    "@types/geojson": "npm:^7946.0.10"
    tslib: "npm:^2.6.2"
  checksum: 10c0/0b07c01584d8bee977edec8752109b4f79ab5b149e55a7dbe051e412e150c0a96f2464c9647676a092b7ab4429271eee4a31400ea45e9b55095ae53ad22f43d6
  languageName: node
  linkType: hard

"@turf/invariant@npm:7.1.0, @turf/invariant@npm:^7.1.0":
  version: 7.1.0
  resolution: "@turf/invariant@npm:7.1.0"
  dependencies:
    "@turf/helpers": "npm:^7.1.0"
    "@types/geojson": "npm:^7946.0.10"
    tslib: "npm:^2.6.2"
  checksum: 10c0/63a163ee7babf539af64bd204808979ce45e0d0bf772b3f28cda9fa99ab9c54150ea90d3203ae25cdda1a78eb206faf89db5847dc58ebc0eae8df0dab55822b8
  languageName: node
  linkType: hard

"@turf/meta@npm:7.1.0":
  version: 7.1.0
  resolution: "@turf/meta@npm:7.1.0"
  dependencies:
    "@turf/helpers": "npm:^7.1.0"
    "@types/geojson": "npm:^7946.0.10"
  checksum: 10c0/c7aa77ddb28ef5068b031c1b422d2d5dc1df51975f727be42e2d8d500a026a2e667242d6aa06453f757cbd5ead2db0ba6b9a5d2fcf5ab496574cd4c0ae4fe325
  languageName: node
  linkType: hard

"@types/adm-zip@npm:0.5.5":
  version: 0.5.5
  resolution: "@types/adm-zip@npm:0.5.5"
  dependencies:
    "@types/node": "npm:*"
  checksum: 10c0/4976dc61e33534ecfb7eee87e8a587db06420a4eb9f34eee9425aece82e9fdd01ddd22677ff6430c582f4d9735c7d714c71adb8f149e3511bc189501b4113631
  languageName: node
  linkType: hard

"@types/geojson@npm:7946.0.14, @types/geojson@npm:^7946.0.10":
  version: 7946.0.14
  resolution: "@types/geojson@npm:7946.0.14"
  checksum: 10c0/54f3997708fa2970c03eeb31f7e4540a0eb6387b15e9f8a60513a1409c23cafec8d618525404573468b59c6fecbfd053724b3327f7fca416729c26271d799f55
  languageName: node
  linkType: hard

"@types/node@npm:*, @types/node@npm:20.14.9":
  version: 20.14.9
  resolution: "@types/node@npm:20.14.9"
  dependencies:
    undici-types: "npm:~5.26.4"
  checksum: 10c0/911ffa444dc032897f4a23ed580c67903bd38ea1c5ec99b1d00fa10b83537a3adddef8e1f29710cbdd8e556a61407ed008e06537d834e48caf449ce59f87d387
  languageName: node
  linkType: hard

"@xmldom/xmldom@npm:0.8.10":
  version: 0.8.10
  resolution: "@xmldom/xmldom@npm:0.8.10"
  checksum: 10c0/c7647c442502720182b0d65b17d45d2d95317c1c8c497626fe524bda79b4fb768a9aa4fae2da919f308e7abcff7d67c058b102a9d641097e9a57f0b80187851f
  languageName: node
  linkType: hard

"acorn-walk@npm:^8.1.1":
  version: 8.2.0
  resolution: "acorn-walk@npm:8.2.0"
  checksum: 10c0/dbe92f5b2452c93e960c5594e666dd1fae141b965ff2cb4a1e1d0381e3e4db4274c5ce4ffa3d681a86ca2a8d4e29d5efc0670a08e23fd2800051ea387df56ca2
  languageName: node
  linkType: hard

"acorn@npm:^8.4.1":
  version: 8.8.2
  resolution: "acorn@npm:8.8.2"
  bin:
    acorn: bin/acorn
  checksum: 10c0/b5c54e736af5ed753911c6752fafd02d0a74cf4d55be606bd81fe71faba4f986dc090952329931ac2aba165803fd0005c59eeef08f9c6c689e8dc420031f3df0
  languageName: node
  linkType: hard

"adm-zip@npm:0.5.15":
  version: 0.5.15
  resolution: "adm-zip@npm:0.5.15"
  checksum: 10c0/40ad504176c4b7f41983d11f7ff28acd3ce5b9bd51a09356be2447cb1799de4a4d93f8b0f65f75814add17687445cc807bbcb5ec8f73f44af1aefe4509894a8c
  languageName: node
  linkType: hard

"ansi-escapes@npm:^6.2.0":
  version: 6.2.0
  resolution: "ansi-escapes@npm:6.2.0"
  dependencies:
    type-fest: "npm:^3.0.0"
  checksum: 10c0/3eec75deedd8b10192c5f98e4cd9715cc3ff268d33fc463c24b7d22446668bfcd4ad1803993ea89c0f51f88b5a3399572bacb7c8cb1a067fc86e189c5f3b0c7e
  languageName: node
  linkType: hard

"ansi-regex@npm:^6.0.1":
  version: 6.0.1
  resolution: "ansi-regex@npm:6.0.1"
  checksum: 10c0/cbe16dbd2c6b2735d1df7976a7070dd277326434f0212f43abf6d87674095d247968209babdaad31bb00882fa68807256ba9be340eec2f1004de14ca75f52a08
  languageName: node
  linkType: hard

"ansi-styles@npm:^6.0.0, ansi-styles@npm:^6.2.1":
  version: 6.2.1
  resolution: "ansi-styles@npm:6.2.1"
  checksum: 10c0/5d1ec38c123984bcedd996eac680d548f31828bd679a66db2bdf11844634dde55fec3efa9c6bb1d89056a5e79c1ac540c4c784d592ea1d25028a92227d2f2d5c
  languageName: node
  linkType: hard

"arg@npm:^4.1.0":
  version: 4.1.3
  resolution: "arg@npm:4.1.3"
  checksum: 10c0/070ff801a9d236a6caa647507bdcc7034530604844d64408149a26b9e87c2f97650055c0f049abd1efc024b334635c01f29e0b632b371ac3f26130f4cf65997a
  languageName: node
  linkType: hard

"braces@npm:^3.0.3":
  version: 3.0.3
  resolution: "braces@npm:3.0.3"
  dependencies:
    fill-range: "npm:^7.1.1"
  checksum: 10c0/7c6dfd30c338d2997ba77500539227b9d1f85e388a5f43220865201e407e076783d0881f2d297b9f80951b4c957fcf0b51c1d2d24227631643c3f7c284b0aa04
  languageName: node
  linkType: hard

"buffer-from@npm:^1.0.0":
  version: 1.1.2
  resolution: "buffer-from@npm:1.1.2"
  checksum: 10c0/124fff9d66d691a86d3b062eff4663fe437a9d9ee4b47b1b9e97f5a5d14f6d5399345db80f796827be7c95e70a8e765dd404b7c3ff3b3324f98e9b0c8826cc34
  languageName: node
  linkType: hard

"chalk@npm:~5.3.0":
  version: 5.3.0
  resolution: "chalk@npm:5.3.0"
  checksum: 10c0/8297d436b2c0f95801103ff2ef67268d362021b8210daf8ddbe349695333eb3610a71122172ff3b0272f1ef2cf7cc2c41fdaa4715f52e49ffe04c56340feed09
  languageName: node
  linkType: hard

"cli-cursor@npm:^4.0.0":
  version: 4.0.0
  resolution: "cli-cursor@npm:4.0.0"
  dependencies:
    restore-cursor: "npm:^4.0.0"
  checksum: 10c0/e776e8c3c6727300d0539b0d25160b2bb56aed1a63942753ba1826b012f337a6f4b7ace3548402e4f2f13b5e16bfd751be672c44b203205e7eca8be94afec42c
  languageName: node
  linkType: hard

"cli-truncate@npm:^4.0.0":
  version: 4.0.0
  resolution: "cli-truncate@npm:4.0.0"
  dependencies:
    slice-ansi: "npm:^5.0.0"
    string-width: "npm:^7.0.0"
  checksum: 10c0/d7f0b73e3d9b88cb496e6c086df7410b541b56a43d18ade6a573c9c18bd001b1c3fba1ad578f741a4218fdc794d042385f8ac02c25e1c295a2d8b9f3cb86eb4c
  languageName: node
  linkType: hard

"colorette@npm:^2.0.20":
  version: 2.0.20
  resolution: "colorette@npm:2.0.20"
  checksum: 10c0/e94116ff33b0ff56f3b83b9ace895e5bf87c2a7a47b3401b8c3f3226e050d5ef76cf4072fb3325f9dc24d1698f9b730baf4e05eeaf861d74a1883073f4c98a40
  languageName: node
  linkType: hard

"commander@npm:~12.1.0":
  version: 12.1.0
  resolution: "commander@npm:12.1.0"
  checksum: 10c0/6e1996680c083b3b897bfc1cfe1c58dfbcd9842fd43e1aaf8a795fbc237f65efcc860a3ef457b318e73f29a4f4a28f6403c3d653d021d960e4632dd45bde54a9
  languageName: node
  linkType: hard

"create-require@npm:^1.1.0":
  version: 1.1.1
  resolution: "create-require@npm:1.1.1"
  checksum: 10c0/157cbc59b2430ae9a90034a5f3a1b398b6738bf510f713edc4d4e45e169bc514d3d99dd34d8d01ca7ae7830b5b8b537e46ae8f3c8f932371b0875c0151d7ec91
  languageName: node
  linkType: hard

"cross-spawn@npm:^7.0.3":
  version: 7.0.3
  resolution: "cross-spawn@npm:7.0.3"
  dependencies:
    path-key: "npm:^3.1.0"
    shebang-command: "npm:^2.0.0"
    which: "npm:^2.0.1"
  checksum: 10c0/5738c312387081c98d69c98e105b6327b069197f864a60593245d64c8089c8a0a744e16349281210d56835bb9274130d825a78b2ad6853ca13cfbeffc0c31750
  languageName: node
  linkType: hard

"d3-array@npm:2 - 3, d3-array@npm:2.10.0 - 3, d3-array@npm:2.5.0 - 3, d3-array@npm:3":
  version: 3.2.4
  resolution: "d3-array@npm:3.2.4"
  dependencies:
    internmap: "npm:1 - 2"
  checksum: 10c0/08b95e91130f98c1375db0e0af718f4371ccacef7d5d257727fe74f79a24383e79aba280b9ffae655483ffbbad4fd1dec4ade0119d88c4749f388641c8bf8c50
  languageName: node
  linkType: hard

"d3-color@npm:1 - 3":
  version: 3.1.0
  resolution: "d3-color@npm:3.1.0"
  checksum: 10c0/a4e20e1115fa696fce041fbe13fbc80dc4c19150fa72027a7c128ade980bc0eeeba4bcf28c9e21f0bce0e0dbfe7ca5869ef67746541dcfda053e4802ad19783c
  languageName: node
  linkType: hard

"d3-delaunay@npm:6":
  version: 6.0.4
  resolution: "d3-delaunay@npm:6.0.4"
  dependencies:
    delaunator: "npm:5"
  checksum: 10c0/57c3aecd2525664b07c4c292aa11cf49b2752c0cf3f5257f752999399fe3c592de2d418644d79df1f255471eec8057a9cc0c3062ed7128cb3348c45f69597754
  languageName: node
  linkType: hard

"d3-format@npm:1 - 3":
  version: 3.1.0
  resolution: "d3-format@npm:3.1.0"
  checksum: 10c0/049f5c0871ebce9859fc5e2f07f336b3c5bfff52a2540e0bac7e703fce567cd9346f4ad1079dd18d6f1e0eaa0599941c1810898926f10ac21a31fd0a34b4aa75
  languageName: node
  linkType: hard

"d3-geo-voronoi@npm:2.1.0":
  version: 2.1.0
  resolution: "d3-geo-voronoi@npm:2.1.0"
  dependencies:
    d3-array: "npm:3"
    d3-delaunay: "npm:6"
    d3-geo: "npm:3"
    d3-tricontour: "npm:1"
  checksum: 10c0/e626c64ef01bc06dd52ce11224ab563acb118becd5ef9490d351c6541662948a0f7bd6dd89dd6da14f885ee55b1d1eaf56f1a16afcd269498743141f6b8be91c
  languageName: node
  linkType: hard

"d3-geo@npm:3":
  version: 3.1.1
  resolution: "d3-geo@npm:3.1.1"
  dependencies:
    d3-array: "npm:2.5.0 - 3"
  checksum: 10c0/d32270dd2dc8ac3ea63e8805d63239c4c8ec6c0d339d73b5e5a30a87f8f54db22a78fb434369799465eae169503b25f9a107c642c8a16c32a3285bc0e6d8e8c1
  languageName: node
  linkType: hard

"d3-interpolate@npm:1.2.0 - 3":
  version: 3.0.1
  resolution: "d3-interpolate@npm:3.0.1"
  dependencies:
    d3-color: "npm:1 - 3"
  checksum: 10c0/19f4b4daa8d733906671afff7767c19488f51a43d251f8b7f484d5d3cfc36c663f0a66c38fe91eee30f40327443d799be17169f55a293a3ba949e84e57a33e6a
  languageName: node
  linkType: hard

"d3-scale@npm:4":
  version: 4.0.2
  resolution: "d3-scale@npm:4.0.2"
  dependencies:
    d3-array: "npm:2.10.0 - 3"
    d3-format: "npm:1 - 3"
    d3-interpolate: "npm:1.2.0 - 3"
    d3-time: "npm:2.1.1 - 3"
    d3-time-format: "npm:2 - 4"
  checksum: 10c0/65d9ad8c2641aec30ed5673a7410feb187a224d6ca8d1a520d68a7d6eac9d04caedbff4713d1e8545be33eb7fec5739983a7ab1d22d4e5ad35368c6729d362f1
  languageName: node
  linkType: hard

"d3-time-format@npm:2 - 4":
  version: 4.1.0
  resolution: "d3-time-format@npm:4.1.0"
  dependencies:
    d3-time: "npm:1 - 3"
  checksum: 10c0/735e00fb25a7fd5d418fac350018713ae394eefddb0d745fab12bbff0517f9cdb5f807c7bbe87bb6eeb06249662f8ea84fec075f7d0cd68609735b2ceb29d206
  languageName: node
  linkType: hard

"d3-time@npm:1 - 3, d3-time@npm:2.1.1 - 3":
  version: 3.1.0
  resolution: "d3-time@npm:3.1.0"
  dependencies:
    d3-array: "npm:2 - 3"
  checksum: 10c0/a984f77e1aaeaa182679b46fbf57eceb6ebdb5f67d7578d6f68ef933f8eeb63737c0949991618a8d29472dbf43736c7d7f17c452b2770f8c1271191cba724ca1
  languageName: node
  linkType: hard

"d3-tricontour@npm:1":
  version: 1.0.2
  resolution: "d3-tricontour@npm:1.0.2"
  dependencies:
    d3-delaunay: "npm:6"
    d3-scale: "npm:4"
  checksum: 10c0/d417b5978bc370d5cb02d3f68178a5b4824a6a797018d46f56781d94b1d800901cc71c826829b97fc5ba30e725ae8d64e7597c0633e6da49642ee3f6f595db4d
  languageName: node
  linkType: hard

"debug@npm:^4.3.4, debug@npm:~4.3.4":
  version: 4.3.5
  resolution: "debug@npm:4.3.5"
  dependencies:
    ms: "npm:2.1.2"
  peerDependenciesMeta:
    supports-color:
      optional: true
  checksum: 10c0/082c375a2bdc4f4469c99f325ff458adad62a3fc2c482d59923c260cb08152f34e2659f72b3767db8bb2f21ca81a60a42d1019605a412132d7b9f59363a005cc
  languageName: node
  linkType: hard

"delaunator@npm:5":
  version: 5.0.1
  resolution: "delaunator@npm:5.0.1"
  dependencies:
    robust-predicates: "npm:^3.0.2"
  checksum: 10c0/3d7ea4d964731c5849af33fec0a271bc6753487b331fd7d43ccb17d77834706e1c383e6ab8fda0032da955e7576d1083b9603cdaf9cbdfd6b3ebd1fb8bb675a5
  languageName: node
  linkType: hard

"diff@npm:^4.0.1":
  version: 4.0.2
  resolution: "diff@npm:4.0.2"
  checksum: 10c0/81b91f9d39c4eaca068eb0c1eb0e4afbdc5bb2941d197f513dd596b820b956fef43485876226d65d497bebc15666aa2aa82c679e84f65d5f2bfbf14ee46e32c1
  languageName: node
  linkType: hard

"dist@workspace:.":
  version: 0.0.0-use.local
  resolution: "dist@workspace:."
  dependencies:
    "@fast-csv/format": "npm:5.0.0"
    "@fast-csv/parse": "npm:5.0.0"
    "@swc-node/register": "npm:1.9.2"
    "@swc/core": "npm:1.6.5"
    "@swc/helpers": "npm:0.5.11"
    "@tsconfig/node20": "npm:20.1.4"
    "@turf/distance": "npm:7.1.0"
    "@turf/helpers": "npm:7.1.0"
    "@turf/invariant": "npm:7.1.0"
    "@turf/meta": "npm:7.1.0"
    "@types/adm-zip": "npm:0.5.5"
    "@types/geojson": "npm:7946.0.14"
    "@types/node": "npm:20.14.9"
    "@xmldom/xmldom": "npm:0.8.10"
    adm-zip: "npm:0.5.15"
    d3-geo-voronoi: "npm:2.1.0"
    geographiclib-dms: "npm:2.1.1"
    geographiclib-geodesic: "npm:2.1.1"
    husky: "npm:9.0.11"
    lint-staged: "npm:15.2.7"
    prettier: "npm:3.3.2"
    ts-node: "npm:10.9.2"
    typescript: "npm:5.5.2"
    xpath: "npm:0.0.34"
  languageName: unknown
  linkType: soft

"emoji-regex@npm:^10.3.0":
  version: 10.3.0
  resolution: "emoji-regex@npm:10.3.0"
  checksum: 10c0/b4838e8dcdceb44cf47f59abe352c25ff4fe7857acaf5fb51097c427f6f75b44d052eb907a7a3b86f86bc4eae3a93f5c2b7460abe79c407307e6212d65c91163
  languageName: node
  linkType: hard

"eventemitter3@npm:^5.0.1":
  version: 5.0.1
  resolution: "eventemitter3@npm:5.0.1"
  checksum: 10c0/4ba5c00c506e6c786b4d6262cfbce90ddc14c10d4667e5c83ae993c9de88aa856033994dd2b35b83e8dc1170e224e66a319fa80adc4c32adcd2379bbc75da814
  languageName: node
  linkType: hard

"execa@npm:~8.0.1":
  version: 8.0.1
  resolution: "execa@npm:8.0.1"
  dependencies:
    cross-spawn: "npm:^7.0.3"
    get-stream: "npm:^8.0.1"
    human-signals: "npm:^5.0.0"
    is-stream: "npm:^3.0.0"
    merge-stream: "npm:^2.0.0"
    npm-run-path: "npm:^5.1.0"
    onetime: "npm:^6.0.0"
    signal-exit: "npm:^4.1.0"
    strip-final-newline: "npm:^3.0.0"
  checksum: 10c0/2c52d8775f5bf103ce8eec9c7ab3059909ba350a5164744e9947ed14a53f51687c040a250bda833f906d1283aa8803975b84e6c8f7a7c42f99dc8ef80250d1af
  languageName: node
  linkType: hard

"fill-range@npm:^7.1.1":
  version: 7.1.1
  resolution: "fill-range@npm:7.1.1"
  dependencies:
    to-regex-range: "npm:^5.0.1"
  checksum: 10c0/b75b691bbe065472f38824f694c2f7449d7f5004aa950426a2c28f0306c60db9b880c0b0e4ed819997ffb882d1da02cfcfc819bddc94d71627f5269682edf018
  languageName: node
  linkType: hard

"geographiclib-dms@npm:2.1.1":
  version: 2.1.1
  resolution: "geographiclib-dms@npm:2.1.1"
  checksum: 10c0/0be83cbc0875dbec89c821da2327f23461161dfce2816db72d63ba6909b922243e38dd8a85061e535bb146423951db46e30a07443b37bf6384e649641168d7ad
  languageName: node
  linkType: hard

"geographiclib-geodesic@npm:2.1.1":
  version: 2.1.1
  resolution: "geographiclib-geodesic@npm:2.1.1"
  checksum: 10c0/9a79d24a3a95d9bdc53499e35983ae717b48459d58a79279313df309570d342c6fbcca4b274b068d3ff39d8bf3080bce7c48c9c795641f46918241951226e30b
  languageName: node
  linkType: hard

"get-east-asian-width@npm:^1.0.0":
  version: 1.2.0
  resolution: "get-east-asian-width@npm:1.2.0"
  checksum: 10c0/914b1e217cf38436c24b4c60b4c45289e39a45bf9e65ef9fd343c2815a1a02b8a0215aeec8bf9c07c516089004b6e3826332481f40a09529fcadbf6e579f286b
  languageName: node
  linkType: hard

"get-stream@npm:^8.0.1":
  version: 8.0.1
  resolution: "get-stream@npm:8.0.1"
  checksum: 10c0/5c2181e98202b9dae0bb4a849979291043e5892eb40312b47f0c22b9414fc9b28a3b6063d2375705eb24abc41ecf97894d9a51f64ff021511b504477b27b4290
  languageName: node
  linkType: hard

"human-signals@npm:^5.0.0":
  version: 5.0.0
  resolution: "human-signals@npm:5.0.0"
  checksum: 10c0/5a9359073fe17a8b58e5a085e9a39a950366d9f00217c4ff5878bd312e09d80f460536ea6a3f260b5943a01fe55c158d1cea3fc7bee3d0520aeef04f6d915c82
  languageName: node
  linkType: hard

"husky@npm:9.0.11":
  version: 9.0.11
  resolution: "husky@npm:9.0.11"
  bin:
    husky: bin.mjs
  checksum: 10c0/2c787dcf74a837fc9a4fea7da907509d4bd9a289f4ea10ecc9d86279e4d4542b0f5f6443a619bccae19e265f2677172cc2b86aae5c932a35a330cc227d914605
  languageName: node
  linkType: hard

"internmap@npm:1 - 2":
  version: 2.0.3
  resolution: "internmap@npm:2.0.3"
  checksum: 10c0/8cedd57f07bbc22501516fbfc70447f0c6812871d471096fad9ea603516eacc2137b633633daf432c029712df0baefd793686388ddf5737e3ea15074b877f7ed
  languageName: node
  linkType: hard

"is-fullwidth-code-point@npm:^4.0.0":
  version: 4.0.0
  resolution: "is-fullwidth-code-point@npm:4.0.0"
  checksum: 10c0/df2a717e813567db0f659c306d61f2f804d480752526886954a2a3e2246c7745fd07a52b5fecf2b68caf0a6c79dcdace6166fdf29cc76ed9975cc334f0a018b8
  languageName: node
  linkType: hard

"is-fullwidth-code-point@npm:^5.0.0":
  version: 5.0.0
  resolution: "is-fullwidth-code-point@npm:5.0.0"
  dependencies:
    get-east-asian-width: "npm:^1.0.0"
  checksum: 10c0/cd591b27d43d76b05fa65ed03eddce57a16e1eca0b7797ff7255de97019bcaf0219acfc0c4f7af13319e13541f2a53c0ace476f442b13267b9a6a7568f2b65c8
  languageName: node
  linkType: hard

"is-number@npm:^7.0.0":
  version: 7.0.0
  resolution: "is-number@npm:7.0.0"
  checksum: 10c0/b4686d0d3053146095ccd45346461bc8e53b80aeb7671cc52a4de02dbbf7dc0d1d2a986e2fe4ae206984b4d34ef37e8b795ebc4f4295c978373e6575e295d811
  languageName: node
  linkType: hard

"is-stream@npm:^3.0.0":
  version: 3.0.0
  resolution: "is-stream@npm:3.0.0"
  checksum: 10c0/eb2f7127af02ee9aa2a0237b730e47ac2de0d4e76a4a905a50a11557f2339df5765eaea4ceb8029f1efa978586abe776908720bfcb1900c20c6ec5145f6f29d8
  languageName: node
  linkType: hard

"isexe@npm:^2.0.0":
  version: 2.0.0
  resolution: "isexe@npm:2.0.0"
  checksum: 10c0/228cfa503fadc2c31596ab06ed6aa82c9976eec2bfd83397e7eaf06d0ccf42cd1dfd6743bf9aeb01aebd4156d009994c5f76ea898d2832c1fe342da923ca457d
  languageName: node
  linkType: hard

"lilconfig@npm:~3.1.1":
  version: 3.1.1
  resolution: "lilconfig@npm:3.1.1"
  checksum: 10c0/311b559794546894e3fe176663427326026c1c644145be9e8041c58e268aa9328799b8dfe7e4dd8c6a4ae305feae95a1c9e007db3569f35b42b6e1bc8274754c
  languageName: node
  linkType: hard

"lint-staged@npm:15.2.7":
  version: 15.2.7
  resolution: "lint-staged@npm:15.2.7"
  dependencies:
    chalk: "npm:~5.3.0"
    commander: "npm:~12.1.0"
    debug: "npm:~4.3.4"
    execa: "npm:~8.0.1"
    lilconfig: "npm:~3.1.1"
    listr2: "npm:~8.2.1"
    micromatch: "npm:~4.0.7"
    pidtree: "npm:~0.6.0"
    string-argv: "npm:~0.3.2"
    yaml: "npm:~2.4.2"
  bin:
    lint-staged: bin/lint-staged.js
  checksum: 10c0/c14399f9782ae222a1748144254f24b5b9afc816dc8840bd02d50f523c6582796ff18410767eb1a73cf1a83bc6e492dea7b1c4f0912bf3e434c068221f13c878
  languageName: node
  linkType: hard

"listr2@npm:~8.2.1":
  version: 8.2.1
  resolution: "listr2@npm:8.2.1"
  dependencies:
    cli-truncate: "npm:^4.0.0"
    colorette: "npm:^2.0.20"
    eventemitter3: "npm:^5.0.1"
    log-update: "npm:^6.0.0"
    rfdc: "npm:^1.3.1"
    wrap-ansi: "npm:^9.0.0"
  checksum: 10c0/ac32cba8e5c79bcf0dbbb43c2fcc73e47902320c1fa1891074fefb3aa3dfaeef9c76348da22909f65334ba9bee1140bfc903e2f0c64427dd08ef4ba8f6b1dbd0
  languageName: node
  linkType: hard

"lodash.escaperegexp@npm:^4.1.2":
  version: 4.1.2
  resolution: "lodash.escaperegexp@npm:4.1.2"
  checksum: 10c0/484ad4067fa9119bb0f7c19a36ab143d0173a081314993fe977bd00cf2a3c6a487ce417a10f6bac598d968364f992153315f0dbe25c9e38e3eb7581dd333e087
  languageName: node
  linkType: hard

"lodash.groupby@npm:^4.6.0":
  version: 4.6.0
  resolution: "lodash.groupby@npm:4.6.0"
  checksum: 10c0/3d136cad438ad6c3a078984ef60e057a3498b1312aa3621b00246ecb99e8f2c4d447e2815460db7a0b661a4fe4e2eeee96c84cb661a824bad04b6cf1f7bc6e9b
  languageName: node
  linkType: hard

"lodash.isboolean@npm:^3.0.3":
  version: 3.0.3
  resolution: "lodash.isboolean@npm:3.0.3"
  checksum: 10c0/0aac604c1ef7e72f9a6b798e5b676606042401dd58e49f051df3cc1e3adb497b3d7695635a5cbec4ae5f66456b951fdabe7d6b387055f13267cde521f10ec7f7
  languageName: node
  linkType: hard

"lodash.isequal@npm:^4.5.0":
  version: 4.5.0
  resolution: "lodash.isequal@npm:4.5.0"
  checksum: 10c0/dfdb2356db19631a4b445d5f37868a095e2402292d59539a987f134a8778c62a2810c2452d11ae9e6dcac71fc9de40a6fedcb20e2952a15b431ad8b29e50e28f
  languageName: node
  linkType: hard

"lodash.isfunction@npm:^3.0.9":
  version: 3.0.9
  resolution: "lodash.isfunction@npm:3.0.9"
  checksum: 10c0/e88620922f5f104819496884779ca85bfc542efb2946df661ab3e2cd38da5c8375434c6adbedfc76dd3c2b04075d2ba8ec215cfdedf08ddd2e3c3467e8a26ccd
  languageName: node
  linkType: hard

"lodash.isnil@npm:^4.0.0":
  version: 4.0.0
  resolution: "lodash.isnil@npm:4.0.0"
  checksum: 10c0/1a410a62eb2e797f077d038c11cbf1ea18ab36f713982849f086f86e050234d69988c76fa18d00278c0947daec67e9ecbc666326b8a06b43e36d3ece813a8120
  languageName: node
  linkType: hard

"lodash.isundefined@npm:^3.0.1":
  version: 3.0.1
  resolution: "lodash.isundefined@npm:3.0.1"
  checksum: 10c0/00ca2ae6fc83e10f806769130ee62b5bf419a4aaa52d1a084164b4cf2b2ab1dbf7246e05c72cf0df2ebf4ea38ab565a688c1a7362b54331bb336ea8b492f327f
  languageName: node
  linkType: hard

"lodash.uniq@npm:^4.5.0":
  version: 4.5.0
  resolution: "lodash.uniq@npm:4.5.0"
  checksum: 10c0/262d400bb0952f112162a320cc4a75dea4f66078b9e7e3075ffbc9c6aa30b3e9df3cf20e7da7d566105e1ccf7804e4fbd7d804eee0b53de05d83f16ffbf41c5e
  languageName: node
  linkType: hard

"log-update@npm:^6.0.0":
  version: 6.0.0
  resolution: "log-update@npm:6.0.0"
  dependencies:
    ansi-escapes: "npm:^6.2.0"
    cli-cursor: "npm:^4.0.0"
    slice-ansi: "npm:^7.0.0"
    strip-ansi: "npm:^7.1.0"
    wrap-ansi: "npm:^9.0.0"
  checksum: 10c0/e0b3c3401ef49ce3eb17e2f83d644765e4f7988498fc1344eaa4f31ab30e510dcc469a7fb64dc01bd1c8d9237d917598fa677a9818705fb3774c10f6e9d4b27c
  languageName: node
  linkType: hard

"make-error@npm:^1.1.1":
  version: 1.3.6
  resolution: "make-error@npm:1.3.6"
  checksum: 10c0/171e458d86854c6b3fc46610cfacf0b45149ba043782558c6875d9f42f222124384ad0b468c92e996d815a8a2003817a710c0a160e49c1c394626f76fa45396f
  languageName: node
  linkType: hard

"merge-stream@npm:^2.0.0":
  version: 2.0.0
  resolution: "merge-stream@npm:2.0.0"
  checksum: 10c0/867fdbb30a6d58b011449b8885601ec1690c3e41c759ecd5a9d609094f7aed0096c37823ff4a7190ef0b8f22cc86beb7049196ff68c016e3b3c671d0dac91ce5
  languageName: node
  linkType: hard

"micromatch@npm:~4.0.7":
  version: 4.0.7
  resolution: "micromatch@npm:4.0.7"
  dependencies:
    braces: "npm:^3.0.3"
    picomatch: "npm:^2.3.1"
  checksum: 10c0/58fa99bc5265edec206e9163a1d2cec5fabc46a5b473c45f4a700adce88c2520456ae35f2b301e4410fb3afb27e9521fb2813f6fc96be0a48a89430e0916a772
  languageName: node
  linkType: hard

"mimic-fn@npm:^2.1.0":
  version: 2.1.0
  resolution: "mimic-fn@npm:2.1.0"
  checksum: 10c0/b26f5479d7ec6cc2bce275a08f146cf78f5e7b661b18114e2506dd91ec7ec47e7a25bf4360e5438094db0560bcc868079fb3b1fb3892b833c1ecbf63f80c95a4
  languageName: node
  linkType: hard

"mimic-fn@npm:^4.0.0":
  version: 4.0.0
  resolution: "mimic-fn@npm:4.0.0"
  checksum: 10c0/de9cc32be9996fd941e512248338e43407f63f6d497abe8441fa33447d922e927de54d4cc3c1a3c6d652857acd770389d5a3823f311a744132760ce2be15ccbf
  languageName: node
  linkType: hard

"ms@npm:2.1.2":
  version: 2.1.2
  resolution: "ms@npm:2.1.2"
  checksum: 10c0/a437714e2f90dbf881b5191d35a6db792efbca5badf112f87b9e1c712aace4b4b9b742dd6537f3edf90fd6f684de897cec230abde57e87883766712ddda297cc
  languageName: node
  linkType: hard

"npm-run-path@npm:^5.1.0":
  version: 5.1.0
  resolution: "npm-run-path@npm:5.1.0"
  dependencies:
    path-key: "npm:^4.0.0"
  checksum: 10c0/ff6d77514489f47fa1c3b1311d09cd4b6d09a874cc1866260f9dea12cbaabda0436ed7f8c2ee44d147bf99a3af29307c6f63b0f83d242b0b6b0ab25dff2629e3
  languageName: node
  linkType: hard

"onetime@npm:^5.1.0":
  version: 5.1.2
  resolution: "onetime@npm:5.1.2"
  dependencies:
    mimic-fn: "npm:^2.1.0"
  checksum: 10c0/ffcef6fbb2692c3c40749f31ea2e22677a876daea92959b8a80b521d95cca7a668c884d8b2045d1d8ee7d56796aa405c405462af112a1477594cc63531baeb8f
  languageName: node
  linkType: hard

"onetime@npm:^6.0.0":
  version: 6.0.0
  resolution: "onetime@npm:6.0.0"
  dependencies:
    mimic-fn: "npm:^4.0.0"
  checksum: 10c0/4eef7c6abfef697dd4479345a4100c382d73c149d2d56170a54a07418c50816937ad09500e1ed1e79d235989d073a9bade8557122aee24f0576ecde0f392bb6c
  languageName: node
  linkType: hard

"path-key@npm:^3.1.0":
  version: 3.1.1
  resolution: "path-key@npm:3.1.1"
  checksum: 10c0/748c43efd5a569c039d7a00a03b58eecd1d75f3999f5a28303d75f521288df4823bc057d8784eb72358b2895a05f29a070bc9f1f17d28226cc4e62494cc58c4c
  languageName: node
  linkType: hard

"path-key@npm:^4.0.0":
  version: 4.0.0
  resolution: "path-key@npm:4.0.0"
  checksum: 10c0/794efeef32863a65ac312f3c0b0a99f921f3e827ff63afa5cb09a377e202c262b671f7b3832a4e64731003fa94af0263713962d317b9887bd1e0c48a342efba3
  languageName: node
  linkType: hard

"picomatch@npm:^2.3.1":
  version: 2.3.1
  resolution: "picomatch@npm:2.3.1"
  checksum: 10c0/26c02b8d06f03206fc2ab8d16f19960f2ff9e81a658f831ecb656d8f17d9edc799e8364b1f4a7873e89d9702dff96204be0fa26fe4181f6843f040f819dac4be
  languageName: node
  linkType: hard

"pidtree@npm:~0.6.0":
  version: 0.6.0
  resolution: "pidtree@npm:0.6.0"
  bin:
    pidtree: bin/pidtree.js
  checksum: 10c0/0829ec4e9209e230f74ebf4265f5ccc9ebfb488334b525cb13f86ff801dca44b362c41252cd43ae4d7653a10a5c6ab3be39d2c79064d6895e0d78dc50a5ed6e9
  languageName: node
  linkType: hard

"pirates@npm:^4.0.6":
  version: 4.0.6
  resolution: "pirates@npm:4.0.6"
  checksum: 10c0/00d5fa51f8dded94d7429700fb91a0c1ead00ae2c7fd27089f0c5b63e6eca36197fe46384631872690a66f390c5e27198e99006ab77ae472692ab9c2ca903f36
  languageName: node
  linkType: hard

"prettier@npm:3.3.2":
  version: 3.3.2
  resolution: "prettier@npm:3.3.2"
  bin:
    prettier: bin/prettier.cjs
  checksum: 10c0/39ed27d17f0238da6dd6571d63026566bd790d3d0edac57c285fbab525982060c8f1e01955fe38134ab10f0951a6076da37f015db8173c02f14bc7f0803a384c
  languageName: node
  linkType: hard

"restore-cursor@npm:^4.0.0":
  version: 4.0.0
  resolution: "restore-cursor@npm:4.0.0"
  dependencies:
    onetime: "npm:^5.1.0"
    signal-exit: "npm:^3.0.2"
  checksum: 10c0/6f7da8c5e422ac26aa38354870b1afac09963572cf2879443540449068cb43476e9cbccf6f8de3e0171e0d6f7f533c2bc1a0a008003c9a525bbc098e89041318
  languageName: node
  linkType: hard

"rfdc@npm:^1.3.1":
  version: 1.3.1
  resolution: "rfdc@npm:1.3.1"
  checksum: 10c0/69f65e3ed30970f8055fac9fbbef9ce578800ca19554eab1dcbffe73a4b8aef536bc4248313889cf25e3b4e38b212c721eabe30856575bf2b2bc3d90f8ba93ef
  languageName: node
  linkType: hard

"robust-predicates@npm:^3.0.2":
  version: 3.0.2
  resolution: "robust-predicates@npm:3.0.2"
  checksum: 10c0/4ecd53649f1c2d49529c85518f2fa69ffb2f7a4453f7fd19c042421c7b4d76c3efb48bc1c740c8f7049346d7cb58cf08ee0c9adaae595cc23564d360adb1fde4
  languageName: node
  linkType: hard

"shebang-command@npm:^2.0.0":
  version: 2.0.0
  resolution: "shebang-command@npm:2.0.0"
  dependencies:
    shebang-regex: "npm:^3.0.0"
  checksum: 10c0/a41692e7d89a553ef21d324a5cceb5f686d1f3c040759c50aab69688634688c5c327f26f3ecf7001ebfd78c01f3c7c0a11a7c8bfd0a8bc9f6240d4f40b224e4e
  languageName: node
  linkType: hard

"shebang-regex@npm:^3.0.0":
  version: 3.0.0
  resolution: "shebang-regex@npm:3.0.0"
  checksum: 10c0/1dbed0726dd0e1152a92696c76c7f06084eb32a90f0528d11acd764043aacf76994b2fb30aa1291a21bd019d6699164d048286309a278855ee7bec06cf6fb690
  languageName: node
  linkType: hard

"signal-exit@npm:^3.0.2":
  version: 3.0.7
  resolution: "signal-exit@npm:3.0.7"
  checksum: 10c0/25d272fa73e146048565e08f3309d5b942c1979a6f4a58a8c59d5fa299728e9c2fcd1a759ec870863b1fd38653670240cd420dad2ad9330c71f36608a6a1c912
  languageName: node
  linkType: hard

"signal-exit@npm:^4.1.0":
  version: 4.1.0
  resolution: "signal-exit@npm:4.1.0"
  checksum: 10c0/41602dce540e46d599edba9d9860193398d135f7ff72cab629db5171516cfae628d21e7bfccde1bbfdf11c48726bc2a6d1a8fb8701125852fbfda7cf19c6aa83
  languageName: node
  linkType: hard

"slice-ansi@npm:^5.0.0":
  version: 5.0.0
  resolution: "slice-ansi@npm:5.0.0"
  dependencies:
    ansi-styles: "npm:^6.0.0"
    is-fullwidth-code-point: "npm:^4.0.0"
  checksum: 10c0/2d4d40b2a9d5cf4e8caae3f698fe24ae31a4d778701724f578e984dcb485ec8c49f0c04dab59c401821e80fcdfe89cace9c66693b0244e40ec485d72e543914f
  languageName: node
  linkType: hard

"slice-ansi@npm:^7.0.0":
  version: 7.1.0
  resolution: "slice-ansi@npm:7.1.0"
  dependencies:
    ansi-styles: "npm:^6.2.1"
    is-fullwidth-code-point: "npm:^5.0.0"
  checksum: 10c0/631c971d4abf56cf880f034d43fcc44ff883624867bf11ecbd538c47343911d734a4656d7bc02362b40b89d765652a7f935595441e519b59e2ad3f4d5d6fe7ca
  languageName: node
  linkType: hard

"source-map-support@npm:^0.5.21":
  version: 0.5.21
  resolution: "source-map-support@npm:0.5.21"
  dependencies:
    buffer-from: "npm:^1.0.0"
    source-map: "npm:^0.6.0"
  checksum: 10c0/9ee09942f415e0f721d6daad3917ec1516af746a8120bba7bb56278707a37f1eb8642bde456e98454b8a885023af81a16e646869975f06afc1a711fb90484e7d
  languageName: node
  linkType: hard

"source-map@npm:^0.6.0":
  version: 0.6.1
  resolution: "source-map@npm:0.6.1"
  checksum: 10c0/ab55398007c5e5532957cb0beee2368529618ac0ab372d789806f5718123cc4367d57de3904b4e6a4170eb5a0b0f41373066d02ca0735a0c4d75c7d328d3e011
  languageName: node
  linkType: hard

"string-argv@npm:~0.3.2":
  version: 0.3.2
  resolution: "string-argv@npm:0.3.2"
  checksum: 10c0/75c02a83759ad1722e040b86823909d9a2fc75d15dd71ec4b537c3560746e33b5f5a07f7332d1e3f88319909f82190843aa2f0a0d8c8d591ec08e93d5b8dec82
  languageName: node
  linkType: hard

"string-width@npm:^7.0.0":
  version: 7.0.0
  resolution: "string-width@npm:7.0.0"
  dependencies:
    emoji-regex: "npm:^10.3.0"
    get-east-asian-width: "npm:^1.0.0"
    strip-ansi: "npm:^7.1.0"
  checksum: 10c0/8ffaeeccf4a56ccce5b6235d0b99ee3a581e3e3e5d453708efe7aa8e264fa3a858b4fe2244310cb71c6a20d8c05921cedc8b2ccd88cbaad9f5c92051ff68edc6
  languageName: node
  linkType: hard

"strip-ansi@npm:^7.1.0":
  version: 7.1.0
  resolution: "strip-ansi@npm:7.1.0"
  dependencies:
    ansi-regex: "npm:^6.0.1"
  checksum: 10c0/a198c3762e8832505328cbf9e8c8381de14a4fa50a4f9b2160138158ea88c0f5549fb50cb13c651c3088f47e63a108b34622ec18c0499b6c8c3a5ddf6b305ac4
  languageName: node
  linkType: hard

"strip-final-newline@npm:^3.0.0":
  version: 3.0.0
  resolution: "strip-final-newline@npm:3.0.0"
  checksum: 10c0/a771a17901427bac6293fd416db7577e2bc1c34a19d38351e9d5478c3c415f523f391003b42ed475f27e33a78233035df183525395f731d3bfb8cdcbd4da08ce
  languageName: node
  linkType: hard

"to-regex-range@npm:^5.0.1":
  version: 5.0.1
  resolution: "to-regex-range@npm:5.0.1"
  dependencies:
    is-number: "npm:^7.0.0"
  checksum: 10c0/487988b0a19c654ff3e1961b87f471702e708fa8a8dd02a298ef16da7206692e8552a0250e8b3e8759270f62e9d8314616f6da274734d3b558b1fc7b7724e892
  languageName: node
  linkType: hard

"ts-node@npm:10.9.2":
  version: 10.9.2
  resolution: "ts-node@npm:10.9.2"
  dependencies:
    "@cspotcode/source-map-support": "npm:^0.8.0"
    "@tsconfig/node10": "npm:^1.0.7"
    "@tsconfig/node12": "npm:^1.0.7"
    "@tsconfig/node14": "npm:^1.0.0"
    "@tsconfig/node16": "npm:^1.0.2"
    acorn: "npm:^8.4.1"
    acorn-walk: "npm:^8.1.1"
    arg: "npm:^4.1.0"
    create-require: "npm:^1.1.0"
    diff: "npm:^4.0.1"
    make-error: "npm:^1.1.1"
    v8-compile-cache-lib: "npm:^3.0.1"
    yn: "npm:3.1.1"
  peerDependencies:
    "@swc/core": ">=1.2.50"
    "@swc/wasm": ">=1.2.50"
    "@types/node": "*"
    typescript: ">=2.7"
  peerDependenciesMeta:
    "@swc/core":
      optional: true
    "@swc/wasm":
      optional: true
  bin:
    ts-node: dist/bin.js
    ts-node-cwd: dist/bin-cwd.js
    ts-node-esm: dist/bin-esm.js
    ts-node-script: dist/bin-script.js
    ts-node-transpile-only: dist/bin-transpile.js
    ts-script: dist/bin-script-deprecated.js
  checksum: 10c0/5f29938489f96982a25ba650b64218e83a3357d76f7bede80195c65ab44ad279c8357264639b7abdd5d7e75fc269a83daa0e9c62fd8637a3def67254ecc9ddc2
  languageName: node
  linkType: hard

"tslib@npm:^2.4.0, tslib@npm:^2.6.2":
  version: 2.6.2
  resolution: "tslib@npm:2.6.2"
  checksum: 10c0/e03a8a4271152c8b26604ed45535954c0a45296e32445b4b87f8a5abdb2421f40b59b4ca437c4346af0f28179780d604094eb64546bee2019d903d01c6c19bdb
  languageName: node
  linkType: hard

"type-fest@npm:^3.0.0":
  version: 3.13.1
  resolution: "type-fest@npm:3.13.1"
  checksum: 10c0/547d22186f73a8c04590b70dcf63baff390078c75ea8acd366bbd510fd0646e348bd1970e47ecf795b7cff0b41d26e9c475c1fedd6ef5c45c82075fbf916b629
  languageName: node
  linkType: hard

"typescript@npm:5.5.2":
  version: 5.5.2
  resolution: "typescript@npm:5.5.2"
  bin:
    tsc: bin/tsc
    tsserver: bin/tsserver
  checksum: 10c0/8ca39b27b5f9bd7f32db795045933ab5247897660627251e8254180b792a395bf061ea7231947d5d7ffa5cb4cc771970fd4ef543275f9b559f08c9325cccfce3
  languageName: node
  linkType: hard

"typescript@patch:typescript@npm%3A5.5.2#optional!builtin<compat/typescript>":
  version: 5.5.2
  resolution: "typescript@patch:typescript@npm%3A5.5.2#optional!builtin<compat/typescript>::version=5.5.2&hash=b45daf"
  bin:
    tsc: bin/tsc
    tsserver: bin/tsserver
  checksum: 10c0/6721ac8933a70c252d7b640b345792e103d881811ff660355617c1836526dbb71c2044e2e77a8823fb3570b469f33276875a4cab6d3c4de4ae7d7ee1c3074ae4
  languageName: node
  linkType: hard

"undici-types@npm:~5.26.4":
  version: 5.26.5
  resolution: "undici-types@npm:5.26.5"
  checksum: 10c0/bb673d7876c2d411b6eb6c560e0c571eef4a01c1c19925175d16e3a30c4c428181fb8d7ae802a261f283e4166a0ac435e2f505743aa9e45d893f9a3df017b501
  languageName: node
  linkType: hard

"v8-compile-cache-lib@npm:^3.0.1":
  version: 3.0.1
  resolution: "v8-compile-cache-lib@npm:3.0.1"
  checksum: 10c0/bdc36fb8095d3b41df197f5fb6f11e3a26adf4059df3213e3baa93810d8f0cc76f9a74aaefc18b73e91fe7e19154ed6f134eda6fded2e0f1c8d2272ed2d2d391
  languageName: node
  linkType: hard

"which@npm:^2.0.1":
  version: 2.0.2
  resolution: "which@npm:2.0.2"
  dependencies:
    isexe: "npm:^2.0.0"
  bin:
    node-which: ./bin/node-which
  checksum: 10c0/66522872a768b60c2a65a57e8ad184e5372f5b6a9ca6d5f033d4b0dc98aff63995655a7503b9c0a2598936f532120e81dd8cc155e2e92ed662a2b9377cc4374f
  languageName: node
  linkType: hard

"wrap-ansi@npm:^9.0.0":
  version: 9.0.0
  resolution: "wrap-ansi@npm:9.0.0"
  dependencies:
    ansi-styles: "npm:^6.2.1"
    string-width: "npm:^7.0.0"
    strip-ansi: "npm:^7.1.0"
  checksum: 10c0/a139b818da9573677548dd463bd626a5a5286271211eb6e4e82f34a4f643191d74e6d4a9bb0a3c26ec90e6f904f679e0569674ac099ea12378a8b98e20706066
  languageName: node
  linkType: hard

"xpath@npm:0.0.34":
  version: 0.0.34
  resolution: "xpath@npm:0.0.34"
  checksum: 10c0/88335108884ca164421f7fed048ef1a18ab3f7b1ae446b627fd3f51fc2396dcce798601c5e426de3bbd55d5940b84cf2326c75cd76620c1b49491283b85de17a
  languageName: node
  linkType: hard

"yaml@npm:~2.4.2":
  version: 2.4.3
  resolution: "yaml@npm:2.4.3"
  bin:
    yaml: bin.mjs
  checksum: 10c0/b4a9dea34265f000402c909144ac310be42c4526dfd16dff1aee2b04a0d94051713651c0cd2b0a3d8109266997422120f16a7934629d12f22dc215839ebbeccf
  languageName: node
  linkType: hard

"yn@npm:3.1.1":
  version: 3.1.1
  resolution: "yn@npm:3.1.1"
  checksum: 10c0/0732468dd7622ed8a274f640f191f3eaf1f39d5349a1b72836df484998d7d9807fbea094e2f5486d6b0cd2414aad5775972df0e68f8604db89a239f0f4bf7443
  languageName: node
  linkType: hard
